# This file is automatically @generated by Cargo.
# It is not intended for manual editing.
version = 3

[[package]]
name = "common"
version = "0.1.0"

[[package]]
name = "day01"
version = "0.1.0"
dependencies = [
 "common",
]

[[package]]
name = "day02"
version = "0.1.0"
dependencies = [
 "common",
]

[[package]]
name = "day03"
version = "0.1.0"
dependencies = [
 "common",
]

[[package]]
name = "day04"
version = "0.1.0"
dependencies = [
 "common",
 "retain_mut",
]

[[package]]
name = "retain_mut"
version = "0.1.5"
source = "registry+https://github.com/rust-lang/crates.io-index"
checksum = "11000e6ba5020e53e7cc26f73b91ae7d5496b4977851479edb66b694c0675c21"
